
Microsoft Visual Studio Solution File, Format Version 12.00
# Visual Studio 15
VisualStudioVersion = 15.0.26430.13
MinimumVisualStudioVersion = 10.0.40219.1
Project("{FAE04EC0-301F-11D3-BF4B-00C04F79EFBC}") = "ConsistentSharp", "ConsistentSharp\ConsistentSharp.csproj", "{AC5875D9-CB98-4C27-BC21-55C31939E691}"
EndProject
Project("{FAE04EC0-301F-11D3-BF4B-00C04F79EFBC}") = "ConsistentSharp.Test", "ConsistentSharp.Test\ConsistentSharp.Test.csproj", "{A81191BD-4843-4718-878C-201FFA7CFDD6}"
EndProject
Global
	GlobalSection(SolutionConfigurationPlatforms) = preSolution
		Debug|Any CPU = Debug|Any CPU
		Release|Any CPU = Release|Any CPU
	EndGlobalSection
	GlobalSection(ProjectConfigurationPlatforms) = postSolution
		{AC5875D9-CB98-4C27-BC21-55C31939E691}.Debug|Any CPU.ActiveCfg = Debug|Any CPU
		{AC5875D9-CB98-4C27-BC21-55C31939E691}.Debug|Any CPU.Build.0 = Debug|Any CPU
		{AC5875D9-CB98-4C27-BC21-55C31939E691}.Release|Any CPU.ActiveCfg = Release|Any CPU
		{AC5875D9-CB98-4C27-BC21-55C31939E691}.Release|Any CPU.Build.0 = Release|Any CPU
		{A81191BD-4843-4718-878C-201FFA7CFDD6}.Debug|Any CPU.ActiveCfg = Debug|Any CPU
		{A81191BD-4843-4718-878C-201FFA7CFDD6}.Debug|Any CPU.Build.0 = Debug|Any CPU
		{A81191BD-4843-4718-878C-201FFA7CFDD6}.Release|Any CPU.ActiveCfg = Release|Any CPU
		{A81191BD-4843-4718-878C-201FFA7CFDD6}.Release|Any CPU.Build.0 = Release|Any CPU
	EndGlobalSection
	GlobalSection(SolutionProperties) = preSolution
		HideSolutionNode = FALSE
	EndGlobalSection
EndGlobal
